// !$*UTF8*$!
{
	archiveVersion = 1;
	classes = {
	};
	objectVersion = 46;
	objects = {

/* Begin PBXBuildFile section */
		42012B4C1AECC9BD0085E920 /* ParseFacebookUtilsV4.framework in Frameworks */ = {isa = PBXBuildFile; fileRef = 42012B4B1AECC9BD0085E920 /* ParseFacebookUtilsV4.framework */; };
		4209A8D21AEC930B00938BA3 /* ParseUI.framework in Frameworks */ = {isa = PBXBuildFile; fileRef = 4209A8D11AEC930B00938BA3 /* ParseUI.framework */; };
		4209A8D51AEC9C2200938BA3 /* MainViewController.m in Sources */ = {isa = PBXBuildFile; fileRef = 4209A8D41AEC9C2200938BA3 /* MainViewController.m */; };
		420CB5B11AEC78D6003C317D /* main.m in Sources */ = {isa = PBXBuildFile; fileRef = 420CB5B01AEC78D6003C317D /* main.m */; };
		420CB5B41AEC78D6003C317D /* AppDelegate.m in Sources */ = {isa = PBXBuildFile; fileRef = 420CB5B31AEC78D6003C317D /* AppDelegate.m */; };
		420CB5BA1AEC78D6003C317D /* Main.storyboard in Resources */ = {isa = PBXBuildFile; fileRef = 420CB5B81AEC78D6003C317D /* Main.storyboard */; };
		420CB5BC1AEC78D6003C317D /* Images.xcassets in Resources */ = {isa = PBXBuildFile; fileRef = 420CB5BB1AEC78D6003C317D /* Images.xcassets */; };
		420CB5BF1AEC78D6003C317D /* LaunchScreen.xib in Resources */ = {isa = PBXBuildFile; fileRef = 420CB5BD1AEC78D6003C317D /* LaunchScreen.xib */; };
		420CB5CB1AEC78D6003C317D /* cpcpatrolTests.m in Sources */ = {isa = PBXBuildFile; fileRef = 420CB5CA1AEC78D6003C317D /* cpcpatrolTests.m */; };
		420CB5D71AEC7D0A003C317D /* Parse.framework in Frameworks */ = {isa = PBXBuildFile; fileRef = 420CB5D51AEC7D0A003C317D /* Parse.framework */; };
		420CB5DA1AEC7D7C003C317D /* AudioToolbox.framework in Frameworks */ = {isa = PBXBuildFile; fileRef = 420CB5D91AEC7D7C003C317D /* AudioToolbox.framework */; };
		420CB5DC1AEC7D8A003C317D /* CFNetwork.framework in Frameworks */ = {isa = PBXBuildFile; fileRef = 420CB5DB1AEC7D8A003C317D /* CFNetwork.framework */; };
		420CB5DE1AEC7D92003C317D /* CoreGraphics.framework in Frameworks */ = {isa = PBXBuildFile; fileRef = 420CB5DD1AEC7D92003C317D /* CoreGraphics.framework */; };
		420CB5E51AEC7DD8003C317D /* CoreLocation.framework in Frameworks */ = {isa = PBXBuildFile; fileRef = 420CB5DF1AEC7DD8003C317D /* CoreLocation.framework */; };
		420CB5E61AEC7DD8003C317D /* MobileCoreServices.framework in Frameworks */ = {isa = PBXBuildFile; fileRef = 420CB5E01AEC7DD8003C317D /* MobileCoreServices.framework */; };
		420CB5E71AEC7DD8003C317D /* QuartzCore.framework in Frameworks */ = {isa = PBXBuildFile; fileRef = 420CB5E11AEC7DD8003C317D /* QuartzCore.framework */; };
		420CB5E81AEC7DD8003C317D /* Security.framework in Frameworks */ = {isa = PBXBuildFile; fileRef = 420CB5E21AEC7DD8003C317D /* Security.framework */; };
		420CB5E91AEC7DD8003C317D /* StoreKit.framework in Frameworks */ = {isa = PBXBuildFile; fileRef = 420CB5E31AEC7DD8003C317D /* StoreKit.framework */; };
		420CB5EA1AEC7DD8003C317D /* SystemConfiguration.framework in Frameworks */ = {isa = PBXBuildFile; fileRef = 420CB5E41AEC7DD8003C317D /* SystemConfiguration.framework */; };
		420CB5EC1AEC7DEB003C317D /* libz.dylib in Frameworks */ = {isa = PBXBuildFile; fileRef = 420CB5EB1AEC7DEB003C317D /* libz.dylib */; };
		420CB5EE1AEC7E07003C317D /* libsqlite3.dylib in Frameworks */ = {isa = PBXBuildFile; fileRef = 420CB5ED1AEC7E07003C317D /* libsqlite3.dylib */; };
		420CB5F11AEC85C5003C317D /* APIKeys.m in Sources */ = {isa = PBXBuildFile; fileRef = 420CB5F01AEC85C5003C317D /* APIKeys.m */; };
		420CB5F51AEC877A003C317D /* FBSDKCoreKit.framework in Frameworks */ = {isa = PBXBuildFile; fileRef = 420CB5F21AEC877A003C317D /* FBSDKCoreKit.framework */; };
		420CB5F61AEC877A003C317D /* FBSDKLoginKit.framework in Frameworks */ = {isa = PBXBuildFile; fileRef = 420CB5F31AEC877A003C317D /* FBSDKLoginKit.framework */; };
		420CB5F71AEC877A003C317D /* FBSDKShareKit.framework in Frameworks */ = {isa = PBXBuildFile; fileRef = 420CB5F41AEC877A003C317D /* FBSDKShareKit.framework */; };
		420CB5FA1AEC8871003C317D /* LoginViewController.m in Sources */ = {isa = PBXBuildFile; fileRef = 420CB5F91AEC8871003C317D /* LoginViewController.m */; };
		42D5B3B51AEDA225005E43DD /* Bolts.framework in Frameworks */ = {isa = PBXBuildFile; fileRef = 42D5B3B41AEDA225005E43DD /* Bolts.framework */; };
		42F0CB191AECC2B10032B880 /* Accounts.framework in Frameworks */ = {isa = PBXBuildFile; fileRef = 42F0CB171AECC2B10032B880 /* Accounts.framework */; };
		42F0CB1A1AECC2B10032B880 /* Social.framework in Frameworks */ = {isa = PBXBuildFile; fileRef = 42F0CB181AECC2B10032B880 /* Social.framework */; };
/* End PBXBuildFile section */

/* Begin PBXContainerItemProxy section */
		420CB5C51AEC78D6003C317D /* PBXContainerItemProxy */ = {
			isa = PBXContainerItemProxy;
			containerPortal = 420CB5A31AEC78D6003C317D /* Project object */;
			proxyType = 1;
			remoteGlobalIDString = 420CB5AA1AEC78D6003C317D;
			remoteInfo = cpcpatrol;
		};
/* End PBXContainerItemProxy section */

/* Begin PBXFileReference section */
		42012B4B1AECC9BD0085E920 /* ParseFacebookUtilsV4.framework */ = {isa = PBXFileReference; lastKnownFileType = wrapper.framework; path = ParseFacebookUtilsV4.framework; sourceTree = "<group>"; };
		4209A8D11AEC930B00938BA3 /* ParseUI.framework */ = {isa = PBXFileReference; lastKnownFileType = wrapper.framework; path = ParseUI.framework; sourceTree = "<group>"; };
		4209A8D31AEC9C2200938BA3 /* MainViewController.h */ = {isa = PBXFileReference; fileEncoding = 4; lastKnownFileType = sourcecode.c.h; path = MainViewController.h; sourceTree = "<group>"; };
		4209A8D41AEC9C2200938BA3 /* MainViewController.m */ = {isa = PBXFileReference; fileEncoding = 4; lastKnownFileType = sourcecode.c.objc; path = MainViewController.m; sourceTree = "<group>"; };
		420CB5AB1AEC78D6003C317D /* cpcpatrol.app */ = {isa = PBXFileReference; explicitFileType = wrapper.application; includeInIndex = 0; path = cpcpatrol.app; sourceTree = BUILT_PRODUCTS_DIR; };
		420CB5AF1AEC78D6003C317D /* Info.plist */ = {isa = PBXFileReference; lastKnownFileType = text.plist.xml; path = Info.plist; sourceTree = "<group>"; };
		420CB5B01AEC78D6003C317D /* main.m */ = {isa = PBXFileReference; lastKnownFileType = sourcecode.c.objc; path = main.m; sourceTree = "<group>"; };
		420CB5B21AEC78D6003C317D /* AppDelegate.h */ = {isa = PBXFileReference; lastKnownFileType = sourcecode.c.h; path = AppDelegate.h; sourceTree = "<group>"; };
		420CB5B31AEC78D6003C317D /* AppDelegate.m */ = {isa = PBXFileReference; lastKnownFileType = sourcecode.c.objc; path = AppDelegate.m; sourceTree = "<group>"; };
		420CB5B91AEC78D6003C317D /* Base */ = {isa = PBXFileReference; lastKnownFileType = file.storyboard; name = Base; path = Base.lproj/Main.storyboard; sourceTree = "<group>"; };
		420CB5BB1AEC78D6003C317D /* Images.xcassets */ = {isa = PBXFileReference; lastKnownFileType = folder.assetcatalog; path = Images.xcassets; sourceTree = "<group>"; };
		420CB5BE1AEC78D6003C317D /* Base */ = {isa = PBXFileReference; lastKnownFileType = file.xib; name = Base; path = Base.lproj/LaunchScreen.xib; sourceTree = "<group>"; };
		420CB5C41AEC78D6003C317D /* cpcpatrolTests.xctest */ = {isa = PBXFileReference; explicitFileType = wrapper.cfbundle; includeInIndex = 0; path = cpcpatrolTests.xctest; sourceTree = BUILT_PRODUCTS_DIR; };
		420CB5C91AEC78D6003C317D /* Info.plist */ = {isa = PBXFileReference; lastKnownFileType = text.plist.xml; path = Info.plist; sourceTree = "<group>"; };
		420CB5CA1AEC78D6003C317D /* cpcpatrolTests.m */ = {isa = PBXFileReference; lastKnownFileType = sourcecode.c.objc; path = cpcpatrolTests.m; sourceTree = "<group>"; };
		420CB5D51AEC7D0A003C317D /* Parse.framework */ = {isa = PBXFileReference; lastKnownFileType = wrapper.framework; path = Parse.framework; sourceTree = "<group>"; };
		420CB5D91AEC7D7C003C317D /* AudioToolbox.framework */ = {isa = PBXFileReference; lastKnownFileType = wrapper.framework; name = AudioToolbox.framework; path = System/Library/Frameworks/AudioToolbox.framework; sourceTree = SDKROOT; };
		420CB5DB1AEC7D8A003C317D /* CFNetwork.framework */ = {isa = PBXFileReference; lastKnownFileType = wrapper.framework; name = CFNetwork.framework; path = System/Library/Frameworks/CFNetwork.framework; sourceTree = SDKROOT; };
		420CB5DD1AEC7D92003C317D /* CoreGraphics.framework */ = {isa = PBXFileReference; lastKnownFileType = wrapper.framework; name = CoreGraphics.framework; path = System/Library/Frameworks/CoreGraphics.framework; sourceTree = SDKROOT; };
		420CB5DF1AEC7DD8003C317D /* CoreLocation.framework */ = {isa = PBXFileReference; lastKnownFileType = wrapper.framework; name = CoreLocation.framework; path = System/Library/Frameworks/CoreLocation.framework; sourceTree = SDKROOT; };
		420CB5E01AEC7DD8003C317D /* MobileCoreServices.framework */ = {isa = PBXFileReference; lastKnownFileType = wrapper.framework; name = MobileCoreServices.framework; path = System/Library/Frameworks/MobileCoreServices.framework; sourceTree = SDKROOT; };
		420CB5E11AEC7DD8003C317D /* QuartzCore.framework */ = {isa = PBXFileReference; lastKnownFileType = wrapper.framework; name = QuartzCore.framework; path = System/Library/Frameworks/QuartzCore.framework; sourceTree = SDKROOT; };
		420CB5E21AEC7DD8003C317D /* Security.framework */ = {isa = PBXFileReference; lastKnownFileType = wrapper.framework; name = Security.framework; path = System/Library/Frameworks/Security.framework; sourceTree = SDKROOT; };
		420CB5E31AEC7DD8003C317D /* StoreKit.framework */ = {isa = PBXFileReference; lastKnownFileType = wrapper.framework; name = StoreKit.framework; path = System/Library/Frameworks/StoreKit.framework; sourceTree = SDKROOT; };
		420CB5E41AEC7DD8003C317D /* SystemConfiguration.framework */ = {isa = PBXFileReference; lastKnownFileType = wrapper.framework; name = SystemConfiguration.framework; path = System/Library/Frameworks/SystemConfiguration.framework; sourceTree = SDKROOT; };
		420CB5EB1AEC7DEB003C317D /* libz.dylib */ = {isa = PBXFileReference; lastKnownFileType = "compiled.mach-o.dylib"; name = libz.dylib; path = usr/lib/libz.dylib; sourceTree = SDKROOT; };
		420CB5ED1AEC7E07003C317D /* libsqlite3.dylib */ = {isa = PBXFileReference; lastKnownFileType = "compiled.mach-o.dylib"; name = libsqlite3.dylib; path = usr/lib/libsqlite3.dylib; sourceTree = SDKROOT; };
		420CB5EF1AEC85C5003C317D /* APIKeys.h */ = {isa = PBXFileReference; fileEncoding = 4; lastKnownFileType = sourcecode.c.h; path = APIKeys.h; sourceTree = "<group>"; };
		420CB5F01AEC85C5003C317D /* APIKeys.m */ = {isa = PBXFileReference; fileEncoding = 4; lastKnownFileType = sourcecode.c.objc; path = APIKeys.m; sourceTree = "<group>"; };
		420CB5F21AEC877A003C317D /* FBSDKCoreKit.framework */ = {isa = PBXFileReference; lastKnownFileType = wrapper.framework; name = FBSDKCoreKit.framework; path = ../../Documents/FacebookSDK/FBSDKCoreKit.framework; sourceTree = "<group>"; };
		420CB5F31AEC877A003C317D /* FBSDKLoginKit.framework */ = {isa = PBXFileReference; lastKnownFileType = wrapper.framework; name = FBSDKLoginKit.framework; path = ../../Documents/FacebookSDK/FBSDKLoginKit.framework; sourceTree = "<group>"; };
		420CB5F41AEC877A003C317D /* FBSDKShareKit.framework */ = {isa = PBXFileReference; lastKnownFileType = wrapper.framework; name = FBSDKShareKit.framework; path = ../../Documents/FacebookSDK/FBSDKShareKit.framework; sourceTree = "<group>"; };
		420CB5F81AEC8871003C317D /* LoginViewController.h */ = {isa = PBXFileReference; fileEncoding = 4; lastKnownFileType = sourcecode.c.h; path = LoginViewController.h; sourceTree = "<group>"; };
		420CB5F91AEC8871003C317D /* LoginViewController.m */ = {isa = PBXFileReference; fileEncoding = 4; lastKnownFileType = sourcecode.c.objc; path = LoginViewController.m; sourceTree = "<group>"; };
		42D5B3B41AEDA225005E43DD /* Bolts.framework */ = {isa = PBXFileReference; lastKnownFileType = wrapper.framework; path = Bolts.framework; sourceTree = "<group>"; };
		42F0CB171AECC2B10032B880 /* Accounts.framework */ = {isa = PBXFileReference; lastKnownFileType = wrapper.framework; name = Accounts.framework; path = System/Library/Frameworks/Accounts.framework; sourceTree = SDKROOT; };
		42F0CB181AECC2B10032B880 /* Social.framework */ = {isa = PBXFileReference; lastKnownFileType = wrapper.framework; name = Social.framework; path = System/Library/Frameworks/Social.framework; sourceTree = SDKROOT; };
/* End PBXFileReference section */

/* Begin PBXFrameworksBuildPhase section */
		420CB5A81AEC78D6003C317D /* Frameworks */ = {
			isa = PBXFrameworksBuildPhase;
			buildActionMask = 2147483647;
			files = (
				42F0CB191AECC2B10032B880 /* Accounts.framework in Frameworks */,
				42F0CB1A1AECC2B10032B880 /* Social.framework in Frameworks */,
				420CB5EE1AEC7E07003C317D /* libsqlite3.dylib in Frameworks */,
				420CB5EC1AEC7DEB003C317D /* libz.dylib in Frameworks */,
				420CB5F61AEC877A003C317D /* FBSDKLoginKit.framework in Frameworks */,
				420CB5E51AEC7DD8003C317D /* CoreLocation.framework in Frameworks */,
				420CB5E61AEC7DD8003C317D /* MobileCoreServices.framework in Frameworks */,
				420CB5E71AEC7DD8003C317D /* QuartzCore.framework in Frameworks */,
				420CB5E81AEC7DD8003C317D /* Security.framework in Frameworks */,
				420CB5E91AEC7DD8003C317D /* StoreKit.framework in Frameworks */,
				420CB5F71AEC877A003C317D /* FBSDKShareKit.framework in Frameworks */,
				4209A8D21AEC930B00938BA3 /* ParseUI.framework in Frameworks */,
				420CB5EA1AEC7DD8003C317D /* SystemConfiguration.framework in Frameworks */,
				420CB5DE1AEC7D92003C317D /* CoreGraphics.framework in Frameworks */,
				42012B4C1AECC9BD0085E920 /* ParseFacebookUtilsV4.framework in Frameworks */,
				42D5B3B51AEDA225005E43DD /* Bolts.framework in Frameworks */,
				420CB5DC1AEC7D8A003C317D /* CFNetwork.framework in Frameworks */,
				420CB5DA1AEC7D7C003C317D /* AudioToolbox.framework in Frameworks */,
				420CB5F51AEC877A003C317D /* FBSDKCoreKit.framework in Frameworks */,
				420CB5D71AEC7D0A003C317D /* Parse.framework in Frameworks */,
			);
			runOnlyForDeploymentPostprocessing = 0;
		};
		420CB5C11AEC78D6003C317D /* Frameworks */ = {
			isa = PBXFrameworksBuildPhase;
			buildActionMask = 2147483647;
			files = (
			);
			runOnlyForDeploymentPostprocessing = 0;
		};
/* End PBXFrameworksBuildPhase section */

/* Begin PBXGroup section */
		420CB5A21AEC78D6003C317D = {
			isa = PBXGroup;
			children = (
				420CB5AD1AEC78D6003C317D /* cpcpatrol */,
				420CB5C71AEC78D6003C317D /* cpcpatrolTests */,
				420CB5AC1AEC78D6003C317D /* Products */,
				420CB5D81AEC7D3D003C317D /* Frameworks */,
			);
			sourceTree = "<group>";
		};
		420CB5AC1AEC78D6003C317D /* Products */ = {
			isa = PBXGroup;
			children = (
				420CB5AB1AEC78D6003C317D /* cpcpatrol.app */,
				420CB5C41AEC78D6003C317D /* cpcpatrolTests.xctest */,
			);
			name = Products;
			sourceTree = "<group>";
		};
		420CB5AD1AEC78D6003C317D /* cpcpatrol */ = {
			isa = PBXGroup;
			children = (
				420CB5B21AEC78D6003C317D /* AppDelegate.h */,
				420CB5B31AEC78D6003C317D /* AppDelegate.m */,
				420CB5B81AEC78D6003C317D /* Main.storyboard */,
				420CB5BB1AEC78D6003C317D /* Images.xcassets */,
				420CB5BD1AEC78D6003C317D /* LaunchScreen.xib */,
				4209A8D31AEC9C2200938BA3 /* MainViewController.h */,
				4209A8D41AEC9C2200938BA3 /* MainViewController.m */,
				420CB5F81AEC8871003C317D /* LoginViewController.h */,
				420CB5F91AEC8871003C317D /* LoginViewController.m */,
				420CB5AE1AEC78D6003C317D /* Supporting Files */,
			);
			path = cpcpatrol;
			sourceTree = "<group>";
		};
		420CB5AE1AEC78D6003C317D /* Supporting Files */ = {
			isa = PBXGroup;
			children = (
				420CB5AF1AEC78D6003C317D /* Info.plist */,
				420CB5B01AEC78D6003C317D /* main.m */,
				420CB5EF1AEC85C5003C317D /* APIKeys.h */,
				420CB5F01AEC85C5003C317D /* APIKeys.m */,
			);
			name = "Supporting Files";
			sourceTree = "<group>";
		};
		420CB5C71AEC78D6003C317D /* cpcpatrolTests */ = {
			isa = PBXGroup;
			children = (
				420CB5CA1AEC78D6003C317D /* cpcpatrolTests.m */,
				420CB5C81AEC78D6003C317D /* Supporting Files */,
			);
			path = cpcpatrolTests;
			sourceTree = "<group>";
		};
		420CB5C81AEC78D6003C317D /* Supporting Files */ = {
			isa = PBXGroup;
			children = (
				420CB5C91AEC78D6003C317D /* Info.plist */,
			);
			name = "Supporting Files";
			sourceTree = "<group>";
		};
		420CB5D81AEC7D3D003C317D /* Frameworks */ = {
			isa = PBXGroup;
			children = (
				42D5B3B41AEDA225005E43DD /* Bolts.framework */,
				42F0CB171AECC2B10032B880 /* Accounts.framework */,
				420CB5D91AEC7D7C003C317D /* AudioToolbox.framework */,
				420CB5DB1AEC7D8A003C317D /* CFNetwork.framework */,
				420CB5DD1AEC7D92003C317D /* CoreGraphics.framework */,
				420CB5DF1AEC7DD8003C317D /* CoreLocation.framework */,
				420CB5F21AEC877A003C317D /* FBSDKCoreKit.framework */,
				420CB5F31AEC877A003C317D /* FBSDKLoginKit.framework */,
				420CB5F41AEC877A003C317D /* FBSDKShareKit.framework */,
				420CB5ED1AEC7E07003C317D /* libsqlite3.dylib */,
				420CB5EB1AEC7DEB003C317D /* libz.dylib */,
				420CB5E01AEC7DD8003C317D /* MobileCoreServices.framework */,
				420CB5D51AEC7D0A003C317D /* Parse.framework */,
				42012B4B1AECC9BD0085E920 /* ParseFacebookUtilsV4.framework */,
				4209A8D11AEC930B00938BA3 /* ParseUI.framework */,
				420CB5E11AEC7DD8003C317D /* QuartzCore.framework */,
				420CB5E21AEC7DD8003C317D /* Security.framework */,
				42F0CB181AECC2B10032B880 /* Social.framework */,
				420CB5E31AEC7DD8003C317D /* StoreKit.framework */,
				420CB5E41AEC7DD8003C317D /* SystemConfiguration.framework */,
			);
			name = Frameworks;
			sourceTree = "<group>";
		};
/* End PBXGroup section */

/* Begin PBXNativeTarget section */
		420CB5AA1AEC78D6003C317D /* cpcpatrol */ = {
			isa = PBXNativeTarget;
			buildConfigurationList = 420CB5CE1AEC78D6003C317D /* Build configuration list for PBXNativeTarget "cpcpatrol" */;
			buildPhases = (
				420CB5A71AEC78D6003C317D /* Sources */,
				420CB5A81AEC78D6003C317D /* Frameworks */,
				420CB5A91AEC78D6003C317D /* Resources */,
			);
			buildRules = (
			);
			dependencies = (
			);
			name = cpcpatrol;
			productName = cpcpatrol;
			productReference = 420CB5AB1AEC78D6003C317D /* cpcpatrol.app */;
			productType = "com.apple.product-type.application";
		};
		420CB5C31AEC78D6003C317D /* cpcpatrolTests */ = {
			isa = PBXNativeTarget;
			buildConfigurationList = 420CB5D11AEC78D6003C317D /* Build configuration list for PBXNativeTarget "cpcpatrolTests" */;
			buildPhases = (
				420CB5C01AEC78D6003C317D /* Sources */,
				420CB5C11AEC78D6003C317D /* Frameworks */,
				420CB5C21AEC78D6003C317D /* Resources */,
			);
			buildRules = (
			);
			dependencies = (
				420CB5C61AEC78D6003C317D /* PBXTargetDependency */,
			);
			name = cpcpatrolTests;
			productName = cpcpatrolTests;
			productReference = 420CB5C41AEC78D6003C317D /* cpcpatrolTests.xctest */;
			productType = "com.apple.product-type.bundle.unit-test";
		};
/* End PBXNativeTarget section */

/* Begin PBXProject section */
		420CB5A31AEC78D6003C317D /* Project object */ = {
			isa = PBXProject;
			attributes = {
				LastUpgradeCheck = 0630;
				ORGANIZATIONNAME = "Michael Whang";
				TargetAttributes = {
					420CB5AA1AEC78D6003C317D = {
						CreatedOnToolsVersion = 6.3.1;
						DevelopmentTeam = X5L7M38Y53;
					};
					420CB5C31AEC78D6003C317D = {
						CreatedOnToolsVersion = 6.3.1;
						TestTargetID = 420CB5AA1AEC78D6003C317D;
					};
				};
			};
			buildConfigurationList = 420CB5A61AEC78D6003C317D /* Build configuration list for PBXProject "cpcpatrol" */;
			compatibilityVersion = "Xcode 3.2";
			developmentRegion = English;
			hasScannedForEncodings = 0;
			knownRegions = (
				en,
				Base,
			);
			mainGroup = 420CB5A21AEC78D6003C317D;
			productRefGroup = 420CB5AC1AEC78D6003C317D /* Products */;
			projectDirPath = "";
			projectRoot = "";
			targets = (
				420CB5AA1AEC78D6003C317D /* cpcpatrol */,
				420CB5C31AEC78D6003C317D /* cpcpatrolTests */,
			);
		};
/* End PBXProject section */

/* Begin PBXResourcesBuildPhase section */
		420CB5A91AEC78D6003C317D /* Resources */ = {
			isa = PBXResourcesBuildPhase;
			buildActionMask = 2147483647;
			files = (
				420CB5BA1AEC78D6003C317D /* Main.storyboard in Resources */,
				420CB5BF1AEC78D6003C317D /* LaunchScreen.xib in Resources */,
				420CB5BC1AEC78D6003C317D /* Images.xcassets in Resources */,
			);
			runOnlyForDeploymentPostprocessing = 0;
		};
		420CB5C21AEC78D6003C317D /* Resources */ = {
			isa = PBXResourcesBuildPhase;
			buildActionMask = 2147483647;
			files = (
			);
			runOnlyForDeploymentPostprocessing = 0;
		};
/* End PBXResourcesBuildPhase section */

/* Begin PBXSourcesBuildPhase section */
		420CB5A71AEC78D6003C317D /* Sources */ = {
			isa = PBXSourcesBuildPhase;
			buildActionMask = 2147483647;
			files = (
				420CB5B41AEC78D6003C317D /* AppDelegate.m in Sources */,
				420CB5F11AEC85C5003C317D /* APIKeys.m in Sources */,
				420CB5B11AEC78D6003C317D /* main.m in Sources */,
				4209A8D51AEC9C2200938BA3 /* MainViewController.m in Sources */,
				420CB5FA1AEC8871003C317D /* LoginViewController.m in Sources */,
			);
			runOnlyForDeploymentPostprocessing = 0;
		};
		420CB5C01AEC78D6003C317D /* Sources */ = {
			isa = PBXSourcesBuildPhase;
			buildActionMask = 2147483647;
			files = (
				420CB5CB1AEC78D6003C317D /* cpcpatrolTests.m in Sources */,
			);
			runOnlyForDeploymentPostprocessing = 0;
		};
/* End PBXSourcesBuildPhase section */

/* Begin PBXTargetDependency section */
		420CB5C61AEC78D6003C317D /* PBXTargetDependency */ = {
			isa = PBXTargetDependency;
			target = 420CB5AA1AEC78D6003C317D /* cpcpatrol */;
			targetProxy = 420CB5C51AEC78D6003C317D /* PBXContainerItemProxy */;
		};
/* End PBXTargetDependency section */

/* Begin PBXVariantGroup section */
		420CB5B81AEC78D6003C317D /* Main.storyboard */ = {
			isa = PBXVariantGroup;
			children = (
				420CB5B91AEC78D6003C317D /* Base */,
			);
			name = Main.storyboard;
			sourceTree = "<group>";
		};
		420CB5BD1AEC78D6003C317D /* LaunchScreen.xib */ = {
			isa = PBXVariantGroup;
			children = (
				420CB5BE1AEC78D6003C317D /* Base */,
			);
			name = LaunchScreen.xib;
			sourceTree = "<group>";
		};
/* End PBXVariantGroup section */

/* Begin XCBuildConfiguration section */
		420CB5CC1AEC78D6003C317D /* Debug */ = {
			isa = XCBuildConfiguration;
			buildSettings = {
				ALWAYS_SEARCH_USER_PATHS = NO;
				CLANG_CXX_LANGUAGE_STANDARD = "gnu++0x";
				CLANG_CXX_LIBRARY = "libc++";
				CLANG_ENABLE_MODULES = YES;
				CLANG_ENABLE_OBJC_ARC = YES;
				CLANG_WARN_BOOL_CONVERSION = YES;
				CLANG_WARN_CONSTANT_CONVERSION = YES;
				CLANG_WARN_DIRECT_OBJC_ISA_USAGE = YES_ERROR;
				CLANG_WARN_EMPTY_BODY = YES;
				CLANG_WARN_ENUM_CONVERSION = YES;
				CLANG_WARN_INT_CONVERSION = YES;
				CLANG_WARN_OBJC_ROOT_CLASS = YES_ERROR;
				CLANG_WARN_UNREACHABLE_CODE = YES;
				CLANG_WARN__DUPLICATE_METHOD_MATCH = YES;
				"CODE_SIGN_IDENTITY[sdk=iphoneos*]" = "iPhone Developer";
				COPY_PHASE_STRIP = NO;
				DEBUG_INFORMATION_FORMAT = "dwarf-with-dsym";
				ENABLE_STRICT_OBJC_MSGSEND = YES;
				GCC_C_LANGUAGE_STANDARD = gnu99;
				GCC_DYNAMIC_NO_PIC = NO;
				GCC_NO_COMMON_BLOCKS = YES;
				GCC_OPTIMIZATION_LEVEL = 0;
				GCC_PREPROCESSOR_DEFINITIONS = (
					"DEBUG=1",
					"$(inherited)",
				);
				GCC_SYMBOLS_PRIVATE_EXTERN = NO;
				GCC_WARN_64_TO_32_BIT_CONVERSION = YES;
				GCC_WARN_ABOUT_RETURN_TYPE = YES_ERROR;
				GCC_WARN_UNDECLARED_SELECTOR = YES;
				GCC_WARN_UNINITIALIZED_AUTOS = YES_AGGRESSIVE;
				GCC_WARN_UNUSED_FUNCTION = YES;
				GCC_WARN_UNUSED_VARIABLE = YES;
				IPHONEOS_DEPLOYMENT_TARGET = 8.3;
				MTL_ENABLE_DEBUG_INFO = YES;
				ONLY_ACTIVE_ARCH = YES;
				SDKROOT = iphoneos;
			};
			name = Debug;
		};
		420CB5CD1AEC78D6003C317D /* Release */ = {
			isa = XCBuildConfiguration;
			buildSettings = {
				ALWAYS_SEARCH_USER_PATHS = NO;
				CLANG_CXX_LANGUAGE_STANDARD = "gnu++0x";
				CLANG_CXX_LIBRARY = "libc++";
				CLANG_ENABLE_MODULES = YES;
				CLANG_ENABLE_OBJC_ARC = YES;
				CLANG_WARN_BOOL_CONVERSION = YES;
				CLANG_WARN_CONSTANT_CONVERSION = YES;
				CLANG_WARN_DIRECT_OBJC_ISA_USAGE = YES_ERROR;
				CLANG_WARN_EMPTY_BODY = YES;
				CLANG_WARN_ENUM_CONVERSION = YES;
				CLANG_WARN_INT_CONVERSION = YES;
				CLANG_WARN_OBJC_ROOT_CLASS = YES_ERROR;
				CLANG_WARN_UNREACHABLE_CODE = YES;
				CLANG_WARN__DUPLICATE_METHOD_MATCH = YES;
				"CODE_SIGN_IDENTITY[sdk=iphoneos*]" = "iPhone Developer";
				COPY_PHASE_STRIP = NO;
				DEBUG_INFORMATION_FORMAT = "dwarf-with-dsym";
				ENABLE_NS_ASSERTIONS = NO;
				ENABLE_STRICT_OBJC_MSGSEND = YES;
				GCC_C_LANGUAGE_STANDARD = gnu99;
				GCC_NO_COMMON_BLOCKS = YES;
				GCC_WARN_64_TO_32_BIT_CONVERSION = YES;
				GCC_WARN_ABOUT_RETURN_TYPE = YES_ERROR;
				GCC_WARN_UNDECLARED_SELECTOR = YES;
				GCC_WARN_UNINITIALIZED_AUTOS = YES_AGGRESSIVE;
				GCC_WARN_UNUSED_FUNCTION = YES;
				GCC_WARN_UNUSED_VARIABLE = YES;
				IPHONEOS_DEPLOYMENT_TARGET = 8.3;
				MTL_ENABLE_DEBUG_INFO = NO;
				SDKROOT = iphoneos;
				VALIDATE_PRODUCT = YES;
			};
			name = Release;
		};
		420CB5CF1AEC78D6003C317D /* Debug */ = {
			isa = XCBuildConfiguration;
			buildSettings = {
				ASSETCATALOG_COMPILER_APPICON_NAME = AppIcon;
				CODE_SIGN_IDENTITY = "iPhone Developer";
				FRAMEWORK_SEARCH_PATHS = (
					"$(inherited)",
					"$(PROJECT_DIR)",
					/Users/macbot/Documents/FacebookSDK,
				);
				INFOPLIST_FILE = cpcpatrol/Info.plist;
				LD_RUNPATH_SEARCH_PATHS = "$(inherited) @executable_path/Frameworks";
				PRODUCT_NAME = "$(TARGET_NAME)";
			};
			name = Debug;
		};
		420CB5D01AEC78D6003C317D /* Release */ = {
			isa = XCBuildConfiguration;
			buildSettings = {
				ASSETCATALOG_COMPILER_APPICON_NAME = AppIcon;
				CODE_SIGN_IDENTITY = "iPhone Developer";
				FRAMEWORK_SEARCH_PATHS = (
					"$(inherited)",
					"$(PROJECT_DIR)",
					/Users/macbot/Documents/FacebookSDK,
				);
				INFOPLIST_FILE = cpcpatrol/Info.plist;
				LD_RUNPATH_SEARCH_PATHS = "$(inherited) @executable_path/Frameworks";
				PRODUCT_NAME = "$(TARGET_NAME)";
			};
			name = Release;
		};
		420CB5D21AEC78D6003C317D /* Debug */ = {
			isa = XCBuildConfiguration;
			buildSettings = {
				BUNDLE_LOADER = "$(TEST_HOST)";
				FRAMEWORK_SEARCH_PATHS = (
					"$(SDKROOT)/Developer/Library/Frameworks",
					"$(inherited)",
				);
				GCC_PREPROCESSOR_DEFINITIONS = (
					"DEBUG=1",
					"$(inherited)",
				);
				INFOPLIST_FILE = cpcpatrolTests/Info.plist;
				LD_RUNPATH_SEARCH_PATHS = "$(inherited) @executable_path/Frameworks @loader_path/Frameworks";
				PRODUCT_NAME = "$(TARGET_NAME)";
				TEST_HOST = "$(BUILT_PRODUCTS_DIR)/cpcpatrol.app/cpcpatrol";
			};
			name = Debug;
		};
		420CB5D31AEC78D6003C317D /* Release */ = {
			isa = XCBuildConfiguration;
			buildSettings = {
				BUNDLE_LOADER = "$(TEST_HOST)";
				FRAMEWORK_SEARCH_PATHS = (
					"$(SDKROOT)/Developer/Library/Frameworks",
					"$(inherited)",
				);
				INFOPLIST_FILE = cpcpatrolTests/Info.plist;
				LD_RUNPATH_SEARCH_PATHS = "$(inherited) @executable_path/Frameworks @loader_path/Frameworks";
				PRODUCT_NAME = "$(TARGET_NAME)";
				TEST_HOST = "$(BUILT_PRODUCTS_DIR)/cpcpatrol.app/cpcpatrol";
			};
			name = Release;
		};
/* End XCBuildConfiguration section */

/* Begin XCConfigurationList section */
		420CB5A61AEC78D6003C317D /* Build configuration list for PBXProject "cpcpatrol" */ = {
			isa = XCConfigurationList;
			buildConfigurations = (
				420CB5CC1AEC78D6003C317D /* Debug */,
				420CB5CD1AEC78D6003C317D /* Release */,
			);
			defaultConfigurationIsVisible = 0;
			defaultConfigurationName = Release;
		};
		420CB5CE1AEC78D6003C317D /* Build configuration list for PBXNativeTarget "cpcpatrol" */ = {
			isa = XCConfigurationList;
			buildConfigurations = (
				420CB5CF1AEC78D6003C317D /* Debug */,
				420CB5D01AEC78D6003C317D /* Release */,
			);
			defaultConfigurationIsVisible = 0;
			defaultConfigurationName = Release;
		};
		420CB5D11AEC78D6003C317D /* Build configuration list for PBXNativeTarget "cpcpatrolTests" */ = {
			isa = XCConfigurationList;
			buildConfigurations = (
				420CB5D21AEC78D6003C317D /* Debug */,
				420CB5D31AEC78D6003C317D /* Release */,
			);
			defaultConfigurationIsVisible = 0;
			defaultConfigurationName = Release;
		};
/* End XCConfigurationList section */
	};
	rootObject = 420CB5A31AEC78D6003C317D /* Project object */;
}
